
Microsoft Visual Studio Solution File, Format Version 12.00
# Visual Studio Version 17
VisualStudioVersion = 17.1.32210.238
MinimumVisualStudioVersion = 10.0.40219.1
Project("{2150E333-8FDC-42A3-9474-1A3956D46DE8}") = "services", "services", "{84DBDC7F-5C56-4FFC-95D4-1E8BEAA6B451}"
EndProject
Project("{2150E333-8FDC-42A3-9474-1A3956D46DE8}") = "customers", "customers", "{BEBB0D9E-CD38-4932-81EB-2F04B41388D1}"
EndProject
Project("{2150E333-8FDC-42A3-9474-1A3956D46DE8}") = "orders", "orders", "{25B76532-40F3-4284-871B-A7B0E8AD25BF}"
EndProject
Project("{9A19103F-16F7-4668-BE54-9A1E7A4F7556}") = "Customers.Api", "services\customers\Customers.Api\Customers.Api.csproj", "{AF3F3D42-F5B7-4B6A-B7F4-A789FEDE35CF}"
EndProject
Project("{9A19103F-16F7-4668-BE54-9A1E7A4F7556}") = "Orders.Api", "services\orders\Orders.Api\Orders.Api.csproj", "{53388159-633C-4FA4-B308-C5D262D83F11}"
EndProject
Project("{2150E333-8FDC-42A3-9474-1A3956D46DE8}") = "proto", "proto", "{BCC48E1E-5991-4896-8A25-4B289DFE9DB6}"
	ProjectSection(SolutionItems) = preProject
		proto\customers.proto = proto\customers.proto
		proto\orders.proto = proto\orders.proto
		proto\types.proto = proto\types.proto
	EndProjectSection
EndProject
Project("{2150E333-8FDC-42A3-9474-1A3956D46DE8}") = "google", "google", "{8384016D-C1E8-4E29-BD12-E6C9E089F912}"
EndProject
Project("{2150E333-8FDC-42A3-9474-1A3956D46DE8}") = "api", "api", "{A89B459F-F992-4543-B95A-7885DAC6CB97}"
	ProjectSection(SolutionItems) = preProject
		proto\google\api\annotations.proto = proto\google\api\annotations.proto
		proto\google\api\http.proto = proto\google\api\http.proto
	EndProjectSection
EndProject
Project("{2150E333-8FDC-42A3-9474-1A3956D46DE8}") = "shared", "shared", "{FF648FB9-64D9-47ED-B625-16E01F54DDD6}"
EndProject
Project("{9A19103F-16F7-4668-BE54-9A1E7A4F7556}") = "Shared", "shared\Shared\Shared.csproj", "{1A29C5C0-6FC4-43A2-BEBE-054D51562797}"
EndProject
Project("{2150E333-8FDC-42A3-9474-1A3956D46DE8}") = "infrastructure", "infrastructure", "{26DB55F9-3337-49AF-A480-2B7C2EAAE7AB}"
	ProjectSection(SolutionItems) = preProject
		infrastructure\build-service.ps1 = infrastructure\build-service.ps1
		infrastructure\deploy-environment.ps1 = infrastructure\deploy-environment.ps1
		infrastructure\deploy-helpers.ps1 = infrastructure\deploy-helpers.ps1
		infrastructure\deploy-platform.ps1 = infrastructure\deploy-platform.ps1
		infrastructure\deploy-service.ps1 = infrastructure\deploy-service.ps1
		infrastructure\environment-network.bicep = infrastructure\environment-network.bicep
		infrastructure\environment-resources.bicep = infrastructure\environment-resources.bicep
		infrastructure\environment-servicebus.bicep = infrastructure\environment-servicebus.bicep
		infrastructure\environment-sql.bicep = infrastructure\environment-sql.bicep
		infrastructure\environment.bicep = infrastructure\environment.bicep
		infrastructure\helpers.ps1 = infrastructure\helpers.ps1
		infrastructure\init-platform.ps1 = infrastructure\init-platform.ps1
		infrastructure\platform-resources.bicep = infrastructure\platform-resources.bicep
		infrastructure\platform.bicep = infrastructure\platform.bicep
		infrastructure\service-environment.bicep = infrastructure\service-environment.bicep
		infrastructure\service-identity.bicep = infrastructure\service-identity.bicep
		infrastructure\service-platform-assignments.bicep = infrastructure\service-platform-assignments.bicep
		infrastructure\service-platform.bicep = infrastructure\service-platform.bicep
		infrastructure\service-resources.bicep = infrastructure\service-resources.bicep
		infrastructure\service-servicebus.bicep = infrastructure\service-servicebus.bicep
		infrastructure\service-sql-migration.ps1 = infrastructure\service-sql-migration.ps1
		infrastructure\service-sql-user.ps1 = infrastructure\service-sql-user.ps1
		infrastructure\service-sql.bicep = infrastructure\service-sql.bicep
		infrastructure\service.bicep = infrastructure\service.bicep
		infrastructure\_config.json = infrastructure\_config.json
	EndProjectSection
EndProject
Project("{2150E333-8FDC-42A3-9474-1A3956D46DE8}") = "Solution Items", "Solution Items", "{E84EB295-5A86-4941-A33B-CDF73C4F7020}"
	ProjectSection(SolutionItems) = preProject
		.dockerignore = .dockerignore
		.editorconfig = .editorconfig
		.gitignore = .gitignore
		Directory.Build.props = Directory.Build.props
		Directory.Packages.props = Directory.Packages.props
		global.json = global.json
		LICENSE = LICENSE
		nuget.config = nuget.config
		README.md = README.md
	EndProjectSection
EndProject
Project("{2150E333-8FDC-42A3-9474-1A3956D46DE8}") = ".github", ".github", "{F77B1E11-7E64-4B50-A943-541C3B06B848}"
EndProject
Project("{2150E333-8FDC-42A3-9474-1A3956D46DE8}") = "workflows", "workflows", "{ED8B77E3-4DC3-413D-A5C3-BC3648A036C4}"
	ProjectSection(SolutionItems) = preProject
		.github\workflows\deploy-environment.yml = .github\workflows\deploy-environment.yml
		.github\workflows\deploy-platform.yml = .github\workflows\deploy-platform.yml
		.github\workflows\svc-customers.yml = .github\workflows\svc-customers.yml
		.github\workflows\svc-demo.yml = .github\workflows\svc-demo.yml
		.github\workflows\svc-orders.yml = .github\workflows\svc-orders.yml
		.github\workflows\_service-build.yml = .github\workflows\_service-build.yml
		.github\workflows\_service-deploy.yml = .github\workflows\_service-deploy.yml
	EndProjectSection
EndProject
Global
	GlobalSection(SolutionConfigurationPlatforms) = preSolution
		Debug|Any CPU = Debug|Any CPU
		Release|Any CPU = Release|Any CPU
	EndGlobalSection
	GlobalSection(ProjectConfigurationPlatforms) = postSolution
		{AF3F3D42-F5B7-4B6A-B7F4-A789FEDE35CF}.Debug|Any CPU.ActiveCfg = Debug|Any CPU
		{AF3F3D42-F5B7-4B6A-B7F4-A789FEDE35CF}.Debug|Any CPU.Build.0 = Debug|Any CPU
		{AF3F3D42-F5B7-4B6A-B7F4-A789FEDE35CF}.Release|Any CPU.ActiveCfg = Release|Any CPU
		{AF3F3D42-F5B7-4B6A-B7F4-A789FEDE35CF}.Release|Any CPU.Build.0 = Release|Any CPU
		{53388159-633C-4FA4-B308-C5D262D83F11}.Debug|Any CPU.ActiveCfg = Debug|Any CPU
		{53388159-633C-4FA4-B308-C5D262D83F11}.Debug|Any CPU.Build.0 = Debug|Any CPU
		{53388159-633C-4FA4-B308-C5D262D83F11}.Release|Any CPU.ActiveCfg = Release|Any CPU
		{53388159-633C-4FA4-B308-C5D262D83F11}.Release|Any CPU.Build.0 = Release|Any CPU
		{1A29C5C0-6FC4-43A2-BEBE-054D51562797}.Debug|Any CPU.ActiveCfg = Debug|Any CPU
		{1A29C5C0-6FC4-43A2-BEBE-054D51562797}.Debug|Any CPU.Build.0 = Debug|Any CPU
		{1A29C5C0-6FC4-43A2-BEBE-054D51562797}.Release|Any CPU.ActiveCfg = Release|Any CPU
		{1A29C5C0-6FC4-43A2-BEBE-054D51562797}.Release|Any CPU.Build.0 = Release|Any CPU
	EndGlobalSection
	GlobalSection(SolutionProperties) = preSolution
		HideSolutionNode = FALSE
	EndGlobalSection
	GlobalSection(NestedProjects) = preSolution
		{BEBB0D9E-CD38-4932-81EB-2F04B41388D1} = {84DBDC7F-5C56-4FFC-95D4-1E8BEAA6B451}
		{25B76532-40F3-4284-871B-A7B0E8AD25BF} = {84DBDC7F-5C56-4FFC-95D4-1E8BEAA6B451}
		{AF3F3D42-F5B7-4B6A-B7F4-A789FEDE35CF} = {BEBB0D9E-CD38-4932-81EB-2F04B41388D1}
		{53388159-633C-4FA4-B308-C5D262D83F11} = {25B76532-40F3-4284-871B-A7B0E8AD25BF}
		{8384016D-C1E8-4E29-BD12-E6C9E089F912} = {BCC48E1E-5991-4896-8A25-4B289DFE9DB6}
		{A89B459F-F992-4543-B95A-7885DAC6CB97} = {8384016D-C1E8-4E29-BD12-E6C9E089F912}
		{1A29C5C0-6FC4-43A2-BEBE-054D51562797} = {FF648FB9-64D9-47ED-B625-16E01F54DDD6}
		{ED8B77E3-4DC3-413D-A5C3-BC3648A036C4} = {F77B1E11-7E64-4B50-A943-541C3B06B848}
	EndGlobalSection
	GlobalSection(ExtensibilityGlobals) = postSolution
		SolutionGuid = {D423435A-06C9-47CA-A100-D16D6E066AF7}
	EndGlobalSection
EndGlobal
